
Microsoft Visual Studio Solution File, Format Version 12.00
Project("{FAE04EC0-301F-11D3-BF4B-00C04F79EFBC}") = "ProductService.Api", "ProductService.Api\ProductService.Api.csproj", "{35FAB445-FAF6-4CCC-93A3-E00498F58D04}"
EndProject
Project("{2150E333-8FDC-42A3-9474-1A3956D46DE8}") = "SolutionItems", "SolutionItems", "{AA40C308-6E93-4FF9-8BCF-8F0AACB4C8A8}"
	ProjectSection(SolutionItems) = preProject
		README.md = README.md
		docker-compose.yml = docker-compose.yml
	EndProjectSection
EndProject
Project("{2150E333-8FDC-42A3-9474-1A3956D46DE8}") = "Tests", "Tests", "{BC30FF10-F506-46E5-9E0A-07C3881811D4}"
EndProject
Project("{FAE04EC0-301F-11D3-BF4B-00C04F79EFBC}") = "ProductService.Api.Tests", "ProductService.Api.Tests\ProductService.Api.Tests.csproj", "{8CF0795F-F27A-4F87-A22B-FA6F86077176}"
EndProject
Project("{FAE04EC0-301F-11D3-BF4B-00C04F79EFBC}") = "ProductService.Dal", "ProductService.Dal\ProductService.Dal.csproj", "{81E36391-F481-4B71-8C7A-9B45FE7D30DC}"
EndProject
Global
	GlobalSection(SolutionConfigurationPlatforms) = preSolution
		Debug|Any CPU = Debug|Any CPU
		Release|Any CPU = Release|Any CPU
	EndGlobalSection
	GlobalSection(ProjectConfigurationPlatforms) = postSolution
		{35FAB445-FAF6-4CCC-93A3-E00498F58D04}.Debug|Any CPU.ActiveCfg = Debug|Any CPU
		{35FAB445-FAF6-4CCC-93A3-E00498F58D04}.Debug|Any CPU.Build.0 = Debug|Any CPU
		{35FAB445-FAF6-4CCC-93A3-E00498F58D04}.Release|Any CPU.ActiveCfg = Release|Any CPU
		{35FAB445-FAF6-4CCC-93A3-E00498F58D04}.Release|Any CPU.Build.0 = Release|Any CPU
		{8CF0795F-F27A-4F87-A22B-FA6F86077176}.Debug|Any CPU.ActiveCfg = Debug|Any CPU
		{8CF0795F-F27A-4F87-A22B-FA6F86077176}.Debug|Any CPU.Build.0 = Debug|Any CPU
		{8CF0795F-F27A-4F87-A22B-FA6F86077176}.Release|Any CPU.ActiveCfg = Release|Any CPU
		{8CF0795F-F27A-4F87-A22B-FA6F86077176}.Release|Any CPU.Build.0 = Release|Any CPU
		{81E36391-F481-4B71-8C7A-9B45FE7D30DC}.Debug|Any CPU.ActiveCfg = Debug|Any CPU
		{81E36391-F481-4B71-8C7A-9B45FE7D30DC}.Release|Any CPU.ActiveCfg = Release|Any CPU
		{81E36391-F481-4B71-8C7A-9B45FE7D30DC}.Release|Any CPU.Build.0 = Release|Any CPU
		{81E36391-F481-4B71-8C7A-9B45FE7D30DC}.Debug|Any CPU.Build.0 = Debug|Any CPU
	EndGlobalSection
	GlobalSection(NestedProjects) = preSolution
		{8CF0795F-F27A-4F87-A22B-FA6F86077176} = {BC30FF10-F506-46E5-9E0A-07C3881811D4}
	EndGlobalSection
EndGlobal
